
Microsoft Visual Studio Solution File, Format Version 12.00
# Visual Studio Version 16
VisualStudioVersion = 16.0.29911.84
MinimumVisualStudioVersion = 10.0.40219.1
Project("{9A19103F-16F7-4668-BE54-9A1E7A4F7556}") = "Singleton1", "Singleton1.csproj", "{6CBF1694-9C70-4AD7-98F3-F189D5D540DC}"
EndProject
Project("{9A19103F-16F7-4668-BE54-9A1E7A4F7556}") = "FabricaAbstracta", "..\FabricaAbstracta\FabricaAbstracta.csproj", "{AE9B47A2-FB19-4931-AB69-0FA22BF1F4FF}"
EndProject
Project("{9A19103F-16F7-4668-BE54-9A1E7A4F7556}") = "Builder", "..\Builder\Builder.csproj", "{19B0051D-F298-49DB-AD54-54B5DC2FFC0F}"
EndProject
Project("{9A19103F-16F7-4668-BE54-9A1E7A4F7556}") = "Prototipo", "..\Prototipo\Prototipo.csproj", "{870F2EB8-1C95-4D26-A99F-6C5A11DB98AD}"
EndProject
Project("{9A19103F-16F7-4668-BE54-9A1E7A4F7556}") = "MetodoFabrica", "..\MetodoFabrica\MetodoFabrica.csproj", "{60A50941-E43B-41C9-AA52-6ABE19F41C0D}"
EndProject
Project("{2150E333-8FDC-42A3-9474-1A3956D46DE8}") = "Creacionales", "Creacionales", "{5846EE6F-765B-4046-92C5-0D77F8F4F782}"
EndProject
Project("{2150E333-8FDC-42A3-9474-1A3956D46DE8}") = "Estructurales", "Estructurales", "{A2CD6DB8-76D9-4545-A5CC-40D1F5879F63}"
EndProject
Project("{9A19103F-16F7-4668-BE54-9A1E7A4F7556}") = "Adapter", "..\Adapter\Adapter.csproj", "{FD995597-DB85-4351-A0D6-51D256D99BEA}"
EndProject
Project("{9A19103F-16F7-4668-BE54-9A1E7A4F7556}") = "Bridge", "..\Bridge\Bridge.csproj", "{C2EA2277-655C-41A4-AA6F-7B188CBF206C}"
EndProject
Project("{9A19103F-16F7-4668-BE54-9A1E7A4F7556}") = "Composite", "..\Composite\Composite.csproj", "{C8CD870F-3906-4AE5-BDA1-E328CC0CE62A}"
EndProject
Project("{FAE04EC0-301F-11D3-BF4B-00C04F79EFBC}") = "Decorador", "..\Decorador\Decorador.csproj", "{122AA491-F439-4D09-A70B-34D94E70F4DE}"
EndProject
Project("{FAE04EC0-301F-11D3-BF4B-00C04F79EFBC}") = "Facade", "..\Fachada\Facade.csproj", "{FB8E747A-B2A4-49F7-8FA9-122A80F527C1}"
EndProject
Project("{FAE04EC0-301F-11D3-BF4B-00C04F79EFBC}") = "FlyWeight", "..\FlyWeight\FlyWeight.csproj", "{30AF176B-C2F2-4882-B940-98651A9FA164}"
EndProject
Project("{2150E333-8FDC-42A3-9474-1A3956D46DE8}") = "Comportamiento", "Comportamiento", "{F97E78BF-4521-4657-8C73-C79BD7E9A40F}"
EndProject
Project("{FAE04EC0-301F-11D3-BF4B-00C04F79EFBC}") = "Chain", "..\Chain\Chain.csproj", "{4D936A1F-B2D7-4D6C-866B-1F380062E6BE}"
EndProject
Project("{FAE04EC0-301F-11D3-BF4B-00C04F79EFBC}") = "Command", "..\Command\Command.csproj", "{2B06E34F-9A34-4CB0-BBC0-09AC3A78D190}"
EndProject
Global
	GlobalSection(SolutionConfigurationPlatforms) = preSolution
		Debug|Any CPU = Debug|Any CPU
		Release|Any CPU = Release|Any CPU
	EndGlobalSection
	GlobalSection(ProjectConfigurationPlatforms) = postSolution
		{6CBF1694-9C70-4AD7-98F3-F189D5D540DC}.Debug|Any CPU.ActiveCfg = Debug|Any CPU
		{6CBF1694-9C70-4AD7-98F3-F189D5D540DC}.Debug|Any CPU.Build.0 = Debug|Any CPU
		{6CBF1694-9C70-4AD7-98F3-F189D5D540DC}.Release|Any CPU.ActiveCfg = Release|Any CPU
		{6CBF1694-9C70-4AD7-98F3-F189D5D540DC}.Release|Any CPU.Build.0 = Release|Any CPU
		{AE9B47A2-FB19-4931-AB69-0FA22BF1F4FF}.Debug|Any CPU.ActiveCfg = Debug|Any CPU
		{AE9B47A2-FB19-4931-AB69-0FA22BF1F4FF}.Debug|Any CPU.Build.0 = Debug|Any CPU
		{AE9B47A2-FB19-4931-AB69-0FA22BF1F4FF}.Release|Any CPU.ActiveCfg = Release|Any CPU
		{AE9B47A2-FB19-4931-AB69-0FA22BF1F4FF}.Release|Any CPU.Build.0 = Release|Any CPU
		{19B0051D-F298-49DB-AD54-54B5DC2FFC0F}.Debug|Any CPU.ActiveCfg = Debug|Any CPU
		{19B0051D-F298-49DB-AD54-54B5DC2FFC0F}.Debug|Any CPU.Build.0 = Debug|Any CPU
		{19B0051D-F298-49DB-AD54-54B5DC2FFC0F}.Release|Any CPU.ActiveCfg = Release|Any CPU
		{19B0051D-F298-49DB-AD54-54B5DC2FFC0F}.Release|Any CPU.Build.0 = Release|Any CPU
		{870F2EB8-1C95-4D26-A99F-6C5A11DB98AD}.Debug|Any CPU.ActiveCfg = Debug|Any CPU
		{870F2EB8-1C95-4D26-A99F-6C5A11DB98AD}.Debug|Any CPU.Build.0 = Debug|Any CPU
		{870F2EB8-1C95-4D26-A99F-6C5A11DB98AD}.Release|Any CPU.ActiveCfg = Release|Any CPU
		{870F2EB8-1C95-4D26-A99F-6C5A11DB98AD}.Release|Any CPU.Build.0 = Release|Any CPU
		{60A50941-E43B-41C9-AA52-6ABE19F41C0D}.Debug|Any CPU.ActiveCfg = Debug|Any CPU
		{60A50941-E43B-41C9-AA52-6ABE19F41C0D}.Debug|Any CPU.Build.0 = Debug|Any CPU
		{60A50941-E43B-41C9-AA52-6ABE19F41C0D}.Release|Any CPU.ActiveCfg = Release|Any CPU
		{60A50941-E43B-41C9-AA52-6ABE19F41C0D}.Release|Any CPU.Build.0 = Release|Any CPU
		{FD995597-DB85-4351-A0D6-51D256D99BEA}.Debug|Any CPU.ActiveCfg = Debug|Any CPU
		{FD995597-DB85-4351-A0D6-51D256D99BEA}.Debug|Any CPU.Build.0 = Debug|Any CPU
		{FD995597-DB85-4351-A0D6-51D256D99BEA}.Release|Any CPU.ActiveCfg = Release|Any CPU
		{FD995597-DB85-4351-A0D6-51D256D99BEA}.Release|Any CPU.Build.0 = Release|Any CPU
		{C2EA2277-655C-41A4-AA6F-7B188CBF206C}.Debug|Any CPU.ActiveCfg = Debug|Any CPU
		{C2EA2277-655C-41A4-AA6F-7B188CBF206C}.Debug|Any CPU.Build.0 = Debug|Any CPU
		{C2EA2277-655C-41A4-AA6F-7B188CBF206C}.Release|Any CPU.ActiveCfg = Release|Any CPU
		{C2EA2277-655C-41A4-AA6F-7B188CBF206C}.Release|Any CPU.Build.0 = Release|Any CPU
		{C8CD870F-3906-4AE5-BDA1-E328CC0CE62A}.Debug|Any CPU.ActiveCfg = Debug|Any CPU
		{C8CD870F-3906-4AE5-BDA1-E328CC0CE62A}.Debug|Any CPU.Build.0 = Debug|Any CPU
		{C8CD870F-3906-4AE5-BDA1-E328CC0CE62A}.Release|Any CPU.ActiveCfg = Release|Any CPU
		{C8CD870F-3906-4AE5-BDA1-E328CC0CE62A}.Release|Any CPU.Build.0 = Release|Any CPU
		{122AA491-F439-4D09-A70B-34D94E70F4DE}.Debug|Any CPU.ActiveCfg = Debug|Any CPU
		{122AA491-F439-4D09-A70B-34D94E70F4DE}.Debug|Any CPU.Build.0 = Debug|Any CPU
		{122AA491-F439-4D09-A70B-34D94E70F4DE}.Release|Any CPU.ActiveCfg = Release|Any CPU
		{122AA491-F439-4D09-A70B-34D94E70F4DE}.Release|Any CPU.Build.0 = Release|Any CPU
		{FB8E747A-B2A4-49F7-8FA9-122A80F527C1}.Debug|Any CPU.ActiveCfg = Debug|Any CPU
		{FB8E747A-B2A4-49F7-8FA9-122A80F527C1}.Debug|Any CPU.Build.0 = Debug|Any CPU
		{FB8E747A-B2A4-49F7-8FA9-122A80F527C1}.Release|Any CPU.ActiveCfg = Release|Any CPU
		{FB8E747A-B2A4-49F7-8FA9-122A80F527C1}.Release|Any CPU.Build.0 = Release|Any CPU
		{30AF176B-C2F2-4882-B940-98651A9FA164}.Debug|Any CPU.ActiveCfg = Debug|Any CPU
		{30AF176B-C2F2-4882-B940-98651A9FA164}.Debug|Any CPU.Build.0 = Debug|Any CPU
		{30AF176B-C2F2-4882-B940-98651A9FA164}.Release|Any CPU.ActiveCfg = Release|Any CPU
		{30AF176B-C2F2-4882-B940-98651A9FA164}.Release|Any CPU.Build.0 = Release|Any CPU
		{4D936A1F-B2D7-4D6C-866B-1F380062E6BE}.Debug|Any CPU.ActiveCfg = Debug|Any CPU
		{4D936A1F-B2D7-4D6C-866B-1F380062E6BE}.Debug|Any CPU.Build.0 = Debug|Any CPU
		{4D936A1F-B2D7-4D6C-866B-1F380062E6BE}.Release|Any CPU.ActiveCfg = Release|Any CPU
		{4D936A1F-B2D7-4D6C-866B-1F380062E6BE}.Release|Any CPU.Build.0 = Release|Any CPU
		{2B06E34F-9A34-4CB0-BBC0-09AC3A78D190}.Debug|Any CPU.ActiveCfg = Debug|Any CPU
		{2B06E34F-9A34-4CB0-BBC0-09AC3A78D190}.Debug|Any CPU.Build.0 = Debug|Any CPU
		{2B06E34F-9A34-4CB0-BBC0-09AC3A78D190}.Release|Any CPU.ActiveCfg = Release|Any CPU
		{2B06E34F-9A34-4CB0-BBC0-09AC3A78D190}.Release|Any CPU.Build.0 = Release|Any CPU
	EndGlobalSection
	GlobalSection(SolutionProperties) = preSolution
		HideSolutionNode = FALSE
	EndGlobalSection
	GlobalSection(NestedProjects) = preSolution
		{6CBF1694-9C70-4AD7-98F3-F189D5D540DC} = {5846EE6F-765B-4046-92C5-0D77F8F4F782}
		{AE9B47A2-FB19-4931-AB69-0FA22BF1F4FF} = {5846EE6F-765B-4046-92C5-0D77F8F4F782}
		{19B0051D-F298-49DB-AD54-54B5DC2FFC0F} = {5846EE6F-765B-4046-92C5-0D77F8F4F782}
		{870F2EB8-1C95-4D26-A99F-6C5A11DB98AD} = {5846EE6F-765B-4046-92C5-0D77F8F4F782}
		{60A50941-E43B-41C9-AA52-6ABE19F41C0D} = {5846EE6F-765B-4046-92C5-0D77F8F4F782}
		{FD995597-DB85-4351-A0D6-51D256D99BEA} = {A2CD6DB8-76D9-4545-A5CC-40D1F5879F63}
		{C2EA2277-655C-41A4-AA6F-7B188CBF206C} = {A2CD6DB8-76D9-4545-A5CC-40D1F5879F63}
		{C8CD870F-3906-4AE5-BDA1-E328CC0CE62A} = {A2CD6DB8-76D9-4545-A5CC-40D1F5879F63}
		{122AA491-F439-4D09-A70B-34D94E70F4DE} = {A2CD6DB8-76D9-4545-A5CC-40D1F5879F63}
		{FB8E747A-B2A4-49F7-8FA9-122A80F527C1} = {A2CD6DB8-76D9-4545-A5CC-40D1F5879F63}
		{30AF176B-C2F2-4882-B940-98651A9FA164} = {A2CD6DB8-76D9-4545-A5CC-40D1F5879F63}
		{4D936A1F-B2D7-4D6C-866B-1F380062E6BE} = {F97E78BF-4521-4657-8C73-C79BD7E9A40F}
		{2B06E34F-9A34-4CB0-BBC0-09AC3A78D190} = {F97E78BF-4521-4657-8C73-C79BD7E9A40F}
	EndGlobalSection
	GlobalSection(ExtensibilityGlobals) = postSolution
		SolutionGuid = {03B79FD6-F4B0-46DF-A093-12887763D6CC}
	EndGlobalSection
EndGlobal
